Microsoft Visual Studio Solution File, Format Version 12.00
# Visual Studio Version 17
VisualStudioVersion = 17.5.2.0
MinimumVisualStudioVersion = 10.0.40219.1
Project("{FAE04EC0-301F-11D3-BF4B-00C04F79EFBC}") = "BlazorPWA", "BlazorPWA.csproj", "{F0B29DC2-D672-DDDA-FFAC-B824C4B9E4CE}"
EndProject
Global
	GlobalSection(SolutionConfigurationPlatforms) = preSolution
		Debug|Any CPU = Debug|Any CPU
		Release|Any CPU = Release|Any CPU
	EndGlobalSection
	GlobalSection(ProjectConfigurationPlatforms) = postSolution
		{F0B29DC2-D672-DDDA-FFAC-B824C4B9E4CE}.Debug|Any CPU.ActiveCfg = Debug|Any CPU
		{F0B29DC2-D672-DDDA-FFAC-B824C4B9E4CE}.Debug|Any CPU.Build.0 = Debug|Any CPU
		{F0B29DC2-D672-DDDA-FFAC-B824C4B9E4CE}.Release|Any CPU.ActiveCfg = Release|Any CPU
		{F0B29DC2-D672-DDDA-FFAC-B824C4B9E4CE}.Release|Any CPU.Build.0 = Release|Any CPU
	EndGlobalSection
	GlobalSection(SolutionProperties) = preSolution
		HideSolutionNode = FALSE
	EndGlobalSection
	GlobalSection(ExtensibilityGlobals) = postSolution
		SolutionGuid = {4381F9C0-3881-4FE1-A73C-0919FF264993}
	EndGlobalSection
EndGlobal
